
Microsoft Visual Studio Solution File, Format Version 12.00
# Visual Studio Version 17
VisualStudioVersion = 17.0.31912.275
MinimumVisualStudioVersion = 10.0.40219.1
Project("{888888A0-9F3D-457C-B088-3A5042F75D52}") = "Python_intro_to_data_science", "Python_intro_to_data_science\Python_intro_to_data_science.pyproj", "{AD32CEDC-4DE3-4DC3-BDBC-EFE2422729D9}"
EndProject
Global
	GlobalSection(SolutionConfigurationPlatforms) = preSolution
		Debug|Any CPU = Debug|Any CPU
		Release|Any CPU = Release|Any CPU
	EndGlobalSection
	GlobalSection(ProjectConfigurationPlatforms) = postSolution
		{AD32CEDC-4DE3-4DC3-BDBC-EFE2422729D9}.Debug|Any CPU.ActiveCfg = Debug|Any CPU
		{AD32CEDC-4DE3-4DC3-BDBC-EFE2422729D9}.Release|Any CPU.ActiveCfg = Release|Any CPU
	EndGlobalSection
	GlobalSection(SolutionProperties) = preSolution
		HideSolutionNode = FALSE
	EndGlobalSection
	GlobalSection(ExtensibilityGlobals) = postSolution
		SolutionGuid = {60A0FDA9-C7E9-4529-BCFA-D71410DE1FDE}
	EndGlobalSection
EndGlobal
